
Microsoft Visual Studio Solution File, Format Version 12.00
# Visual Studio 15
VisualStudioVersion = 15.0.28010.2003
MinimumVisualStudioVersion = 10.0.40219.1
Project("{FAE04EC0-301F-11D3-BF4B-00C04F79EFBC}") = "SWT.Lab1", "SWT.Lab1\SWT.Lab1.csproj", "{871D962F-45B2-4C64-BCDF-8CF34AC6F539}"
EndProject
Global
	GlobalSection(SolutionConfigurationPlatforms) = preSolution
		Debug|Any CPU = Debug|Any CPU
		Release|Any CPU = Release|Any CPU
	EndGlobalSection
	GlobalSection(ProjectConfigurationPlatforms) = postSolution
		{871D962F-45B2-4C64-BCDF-8CF34AC6F539}.Debug|Any CPU.ActiveCfg = Debug|Any CPU
		{871D962F-45B2-4C64-BCDF-8CF34AC6F539}.Debug|Any CPU.Build.0 = Debug|Any CPU
		{871D962F-45B2-4C64-BCDF-8CF34AC6F539}.Release|Any CPU.ActiveCfg = Release|Any CPU
		{871D962F-45B2-4C64-BCDF-8CF34AC6F539}.Release|Any CPU.Build.0 = Release|Any CPU
	EndGlobalSection
	GlobalSection(SolutionProperties) = preSolution
		HideSolutionNode = FALSE
	EndGlobalSection
	GlobalSection(ExtensibilityGlobals) = postSolution
		SolutionGuid = {4A6005D7-84C0-4111-AEF6-81F5A52EF6AF}
	EndGlobalSection
EndGlobal
